// !$*UTF8*$!
{
	archiveVersion = 1;
	classes = {
	};
	objectVersion = 50;
	objects = {

/* Begin PBXBuildFile section */
		02744146243B5694001275B9 /* Answer.swift in Sources */ = {isa = PBXBuildFile; fileRef = 02744145243B5694001275B9 /* Answer.swift */; };
		0295F434243A37AF00F4CBBA /* AppDelegate.swift in Sources */ = {isa = PBXBuildFile; fileRef = 0295F433243A37AF00F4CBBA /* AppDelegate.swift */; };
		0295F436243A37AF00F4CBBA /* SceneDelegate.swift in Sources */ = {isa = PBXBuildFile; fileRef = 0295F435243A37AF00F4CBBA /* SceneDelegate.swift */; };
		0295F438243A37AF00F4CBBA /* ContentView.swift in Sources */ = {isa = PBXBuildFile; fileRef = 0295F437243A37AF00F4CBBA /* ContentView.swift */; };
		0295F43A243A37B000F4CBBA /* Assets.xcassets in Resources */ = {isa = PBXBuildFile; fileRef = 0295F439243A37B000F4CBBA /* Assets.xcassets */; };
		0295F43D243A37B000F4CBBA /* Preview Assets.xcassets in Resources */ = {isa = PBXBuildFile; fileRef = 0295F43C243A37B000F4CBBA /* Preview Assets.xcassets */; };
		0295F440243A37B000F4CBBA /* LaunchScreen.storyboard in Resources */ = {isa = PBXBuildFile; fileRef = 0295F43E243A37B000F4CBBA /* LaunchScreen.storyboard */; };
/* End PBXBuildFile section */

/* Begin PBXFileReference section */
		02744145243B5694001275B9 /* Answer.swift */ = {isa = PBXFileReference; lastKnownFileType = sourcecode.swift; path = Answer.swift; sourceTree = "<group>"; };
		0295F430243A37AF00F4CBBA /* ChallengeFor35.app */ = {isa = PBXFileReference; explicitFileType = wrapper.application; includeInIndex = 0; path = ChallengeFor35.app; sourceTree = BUILT_PRODUCTS_DIR; };
		0295F433243A37AF00F4CBBA /* AppDelegate.swift */ = {isa = PBXFileReference; lastKnownFileType = sourcecode.swift; path = AppDelegate.swift; sourceTree = "<group>"; };
		0295F435243A37AF00F4CBBA /* SceneDelegate.swift */ = {isa = PBXFileReference; lastKnownFileType = sourcecode.swift; path = SceneDelegate.swift; sourceTree = "<group>"; };
		0295F437243A37AF00F4CBBA /* ContentView.swift */ = {isa = PBXFileReference; lastKnownFileType = sourcecode.swift; path = ContentView.swift; sourceTree = "<group>"; };
		0295F439243A37B000F4CBBA /* Assets.xcassets */ = {isa = PBXFileReference; lastKnownFileType = folder.assetcatalog; path = Assets.xcassets; sourceTree = "<group>"; };
		0295F43C243A37B000F4CBBA /* Preview Assets.xcassets */ = {isa = PBXFileReference; lastKnownFileType = folder.assetcatalog; path = "Preview Assets.xcassets"; sourceTree = "<group>"; };
		0295F43F243A37B000F4CBBA /* Base */ = {isa = PBXFileReference; lastKnownFileType = file.storyboard; name = Base; path = Base.lproj/LaunchScreen.storyboard; sourceTree = "<group>"; };
		0295F441243A37B000F4CBBA /* Info.plist */ = {isa = PBXFileReference; lastKnownFileType = text.plist.xml; path = Info.plist; sourceTree = "<group>"; };
/* End PBXFileReference section */

/* Begin PBXFrameworksBuildPhase section */
		0295F42D243A37AF00F4CBBA /* Frameworks */ = {
			isa = PBXFrameworksBuildPhase;
			buildActionMask = 2147483647;
			files = (
			);
			runOnlyForDeploymentPostprocessing = 0;
		};
/* End PBXFrameworksBuildPhase section */

/* Begin PBXGroup section */
		0295F427243A37AF00F4CBBA = {
			isa = PBXGroup;
			children = (
				0295F432243A37AF00F4CBBA /* ChallengeFor35 */,
				0295F431243A37AF00F4CBBA /* Products */,
			);
			sourceTree = "<group>";
		};
		0295F431243A37AF00F4CBBA /* Products */ = {
			isa = PBXGroup;
			children = (
				0295F430243A37AF00F4CBBA /* ChallengeFor35.app */,
			);
			name = Products;
			sourceTree = "<group>";
		};
		0295F432243A37AF00F4CBBA /* ChallengeFor35 */ = {
			isa = PBXGroup;
			children = (
				0295F433243A37AF00F4CBBA /* AppDelegate.swift */,
				0295F435243A37AF00F4CBBA /* SceneDelegate.swift */,
				0295F437243A37AF00F4CBBA /* ContentView.swift */,
				02744145243B5694001275B9 /* Answer.swift */,
				0295F439243A37B000F4CBBA /* Assets.xcassets */,
				0295F43E243A37B000F4CBBA /* LaunchScreen.storyboard */,
				0295F441243A37B000F4CBBA /* Info.plist */,
				0295F43B243A37B000F4CBBA /* Preview Content */,
			);
			path = ChallengeFor35;
			sourceTree = "<group>";
		};
		0295F43B243A37B000F4CBBA /* Preview Content */ = {
			isa = PBXGroup;
			children = (
				0295F43C243A37B000F4CBBA /* Preview Assets.xcassets */,
			);
			path = "Preview Content";
			sourceTree = "<group>";
		};
/* End PBXGroup section */

/* Begin PBXNativeTarget section */
		0295F42F243A37AF00F4CBBA /* ChallengeFor35 */ = {
			isa = PBXNativeTarget;
			buildConfigurationList = 0295F444243A37B000F4CBBA /* Build configuration list for PBXNativeTarget "ChallengeFor35" */;
			buildPhases = (
				0295F42C243A37AF00F4CBBA /* Sources */,
				0295F42D243A37AF00F4CBBA /* Frameworks */,
				0295F42E243A37AF00F4CBBA /* Resources */,
			);
			buildRules = (
			);
			dependencies = (
			);
			name = ChallengeFor35;
			productName = ChallengeFor35;
			productReference = 0295F430243A37AF00F4CBBA /* ChallengeFor35.app */;
			productType = "com.apple.product-type.application";
		};
/* End PBXNativeTarget section */

/* Begin PBXProject section */
		0295F428243A37AF00F4CBBA /* Project object */ = {
			isa = PBXProject;
			attributes = {
				LastSwiftUpdateCheck = 1140;
				LastUpgradeCheck = 1140;
				ORGANIZATIONNAME = "张洪Hoo";
				TargetAttributes = {
					0295F42F243A37AF00F4CBBA = {
						CreatedOnToolsVersion = 11.4;
					};
				};
			};
			buildConfigurationList = 0295F42B243A37AF00F4CBBA /* Build configuration list for PBXProject "ChallengeFor35" */;
			compatibilityVersion = "Xcode 9.3";
			developmentRegion = en;
			hasScannedForEncodings = 0;
			knownRegions = (
				en,
				Base,
			);
			mainGroup = 0295F427243A37AF00F4CBBA;
			productRefGroup = 0295F431243A37AF00F4CBBA /* Products */;
			projectDirPath = "";
			projectRoot = "";
			targets = (
				0295F42F243A37AF00F4CBBA /* ChallengeFor35 */,
			);
		};
/* End PBXProject section */

/* Begin PBXResourcesBuildPhase section */
		0295F42E243A37AF00F4CBBA /* Resources */ = {
			isa = PBXResourcesBuildPhase;
			buildActionMask = 2147483647;
			files = (
				0295F440243A37B000F4CBBA /* LaunchScreen.storyboard in Resources */,
				0295F43D243A37B000F4CBBA /* Preview Assets.xcassets in Resources */,
				0295F43A243A37B000F4CBBA /* Assets.xcassets in Resources */,
			);
			runOnlyForDeploymentPostprocessing = 0;
		};
/* End PBXResourcesBuildPhase section */

/* Begin PBXSourcesBuildPhase section */
		0295F42C243A37AF00F4CBBA /* Sources */ = {
			isa = PBXSourcesBuildPhase;
			buildActionMask = 2147483647;
			files = (
				0295F434243A37AF00F4CBBA /* AppDelegate.swift in Sources */,
				0295F436243A37AF00F4CBBA /* SceneDelegate.swift in Sources */,
				0295F438243A37AF00F4CBBA /* ContentView.swift in Sources */,
				02744146243B5694001275B9 /* Answer.swift in Sources */,
			);
			runOnlyForDeploymentPostprocessing = 0;
		};
/* End PBXSourcesBuildPhase section */

/* Begin PBXVariantGroup section */
		0295F43E243A37B000F4CBBA /* LaunchScreen.storyboard */ = {
			isa = PBXVariantGroup;
			children = (
				0295F43F243A37B000F4CBBA /* Base */,
			);
			name = LaunchScreen.storyboard;
			sourceTree = "<group>";
		};
/* End PBXVariantGroup section */

/* Begin XCBuildConfiguration section */
		0295F442243A37B000F4CBBA /* Debug */ = {
			isa = XCBuildConfiguration;
			buildSettings = {
				ALWAYS_SEARCH_USER_PATHS = NO;
				CLANG_ANALYZER_NONNULL = YES;
				CLANG_ANALYZER_NUMBER_OBJECT_CONVERSION = YES_AGGRESSIVE;
				CLANG_CXX_LANGUAGE_STANDARD = "gnu++14";
				CLANG_CXX_LIBRARY = "libc++";
				CLANG_ENABLE_MODULES = YES;
				CLANG_ENABLE_OBJC_ARC = YES;
				CLANG_ENABLE_OBJC_WEAK = YES;
				CLANG_WARN_BLOCK_CAPTURE_AUTORELEASING = YES;
				CLANG_WARN_BOOL_CONVERSION = YES;
				CLANG_WARN_COMMA = YES;
				CLANG_WARN_CONSTANT_CONVERSION = YES;
				CLANG_WARN_DEPRECATED_OBJC_IMPLEMENTATIONS = YES;
				CLANG_WARN_DIRECT_OBJC_ISA_USAGE = YES_ERROR;
				CLANG_WARN_DOCUMENTATION_COMMENTS = YES;
				CLANG_WARN_EMPTY_BODY = YES;
				CLANG_WARN_ENUM_CONVERSION = YES;
				CLANG_WARN_INFINITE_RECURSION = YES;
				CLANG_WARN_INT_CONVERSION = YES;
				CLANG_WARN_NON_LITERAL_NULL_CONVERSION = YES;
				CLANG_WARN_OBJC_IMPLICIT_RETAIN_SELF = YES;
				CLANG_WARN_OBJC_LITERAL_CONVERSION = YES;
				CLANG_WARN_OBJC_ROOT_CLASS = YES_ERROR;
				CLANG_WARN_RANGE_LOOP_ANALYSIS = YES;
				CLANG_WARN_STRICT_PROTOTYPES = YES;
				CLANG_WARN_SUSPICIOUS_MOVE = YES;
				CLANG_WARN_UNGUARDED_AVAILABILITY = YES_AGGRESSIVE;
				CLANG_WARN_UNREACHABLE_CODE = YES;
				CLANG_WARN__DUPLICATE_METHOD_MATCH = YES;
				COPY_PHASE_STRIP = NO;
				DEBUG_INFORMATION_FORMAT = dwarf;
				ENABLE_STRICT_OBJC_MSGSEND = YES;
				ENABLE_TESTABILITY = YES;
				GCC_C_LANGUAGE_STANDARD = gnu11;
				GCC_DYNAMIC_NO_PIC = NO;
				GCC_NO_COMMON_BLOCKS = YES;
				GCC_OPTIMIZATION_LEVEL = 0;
				GCC_PREPROCESSOR_DEFINITIONS = (
					"DEBUG=1",
					"$(inherited)",
				);
				GCC_WARN_64_TO_32_BIT_CONVERSION = YES;
				GCC_WARN_ABOUT_RETURN_TYPE = YES_ERROR;
				GCC_WARN_UNDECLARED_SELECTOR = YES;
				GCC_WARN_UNINITIALIZED_AUTOS = YES_AGGRESSIVE;
				GCC_WARN_UNUSED_FUNCTION = YES;
				GCC_WARN_UNUSED_VARIABLE = YES;
				IPHONEOS_DEPLOYMENT_TARGET = 13.4;
				MTL_ENABLE_DEBUG_INFO = INCLUDE_SOURCE;
				MTL_FAST_MATH = YES;
				ONLY_ACTIVE_ARCH = YES;
				SDKROOT = iphoneos;
				SWIFT_ACTIVE_COMPILATION_CONDITIONS = DEBUG;
				SWIFT_OPTIMIZATION_LEVEL = "-Onone";
			};
			name = Debug;
		};
		0295F443243A37B000F4CBBA /* Release */ = {
			isa = XCBuildConfiguration;
			buildSettings = {
				ALWAYS_SEARCH_USER_PATHS = NO;
				CLANG_ANALYZER_NONNULL = YES;
				CLANG_ANALYZER_NUMBER_OBJECT_CONVERSION = YES_AGGRESSIVE;
				CLANG_CXX_LANGUAGE_STANDARD = "gnu++14";
				CLANG_CXX_LIBRARY = "libc++";
				CLANG_ENABLE_MODULES = YES;
				CLANG_ENABLE_OBJC_ARC = YES;
				CLANG_ENABLE_OBJC_WEAK = YES;
				CLANG_WARN_BLOCK_CAPTURE_AUTORELEASING = YES;
				CLANG_WARN_BOOL_CONVERSION = YES;
				CLANG_WARN_COMMA = YES;
				CLANG_WARN_CONSTANT_CONVERSION = YES;
				CLANG_WARN_DEPRECATED_OBJC_IMPLEMENTATIONS = YES;
				CLANG_WARN_DIRECT_OBJC_ISA_USAGE = YES_ERROR;
				CLANG_WARN_DOCUMENTATION_COMMENTS = YES;
				CLANG_WARN_EMPTY_BODY = YES;
				CLANG_WARN_ENUM_CONVERSION = YES;
				CLANG_WARN_INFINITE_RECURSION = YES;
				CLANG_WARN_INT_CONVERSION = YES;
				CLANG_WARN_NON_LITERAL_NULL_CONVERSION = YES;
				CLANG_WARN_OBJC_IMPLICIT_RETAIN_SELF = YES;
				CLANG_WARN_OBJC_LITERAL_CONVERSION = YES;
				CLANG_WARN_OBJC_ROOT_CLASS = YES_ERROR;
				CLANG_WARN_RANGE_LOOP_ANALYSIS = YES;
				CLANG_WARN_STRICT_PROTOTYPES = YES;
				CLANG_WARN_SUSPICIOUS_MOVE = YES;
				CLANG_WARN_UNGUARDED_AVAILABILITY = YES_AGGRESSIVE;
				CLANG_WARN_UNREACHABLE_CODE = YES;
				CLANG_WARN__DUPLICATE_METHOD_MATCH = YES;
				COPY_PHASE_STRIP = NO;
				DEBUG_INFORMATION_FORMAT = "dwarf-with-dsym";
				ENABLE_NS_ASSERTIONS = NO;
				ENABLE_STRICT_OBJC_MSGSEND = YES;
				GCC_C_LANGUAGE_STANDARD = gnu11;
				GCC_NO_COMMON_BLOCKS = YES;
				GCC_WARN_64_TO_32_BIT_CONVERSION = YES;
				GCC_WARN_ABOUT_RETURN_TYPE = YES_ERROR;
				GCC_WARN_UNDECLARED_SELECTOR = YES;
				GCC_WARN_UNINITIALIZED_AUTOS = YES_AGGRESSIVE;
				GCC_WARN_UNUSED_FUNCTION = YES;
				GCC_WARN_UNUSED_VARIABLE = YES;
				IPHONEOS_DEPLOYMENT_TARGET = 13.4;
				MTL_ENABLE_DEBUG_INFO = NO;
				MTL_FAST_MATH = YES;
				SDKROOT = iphoneos;
				SWIFT_COMPILATION_MODE = wholemodule;
				SWIFT_OPTIMIZATION_LEVEL = "-O";
				VALIDATE_PRODUCT = YES;
			};
			name = Release;
		};
		0295F445243A37B000F4CBBA /* Debug */ = {
			isa = XCBuildConfiguration;
			buildSettings = {
				ASSETCATALOG_COMPILER_APPICON_NAME = AppIcon;
				CODE_SIGN_STYLE = Automatic;
				DEVELOPMENT_ASSET_PATHS = "\"ChallengeFor35/Preview Content\"";
				DEVELOPMENT_TEAM = Q2R76XL3ZN;
				ENABLE_PREVIEWS = YES;
				INFOPLIST_FILE = ChallengeFor35/Info.plist;
				LD_RUNPATH_SEARCH_PATHS = (
					"$(inherited)",
					"@executable_path/Frameworks",
				);
				PRODUCT_BUNDLE_IDENTIFIER = com.zhhoo.ChallengeFor35;
				PRODUCT_NAME = "$(TARGET_NAME)";
				SWIFT_VERSION = 5.0;
				TARGETED_DEVICE_FAMILY = "1,2";
			};
			name = Debug;
		};
		0295F446243A37B000F4CBBA /* Release */ = {
			isa = XCBuildConfiguration;
			buildSettings = {
				ASSETCATALOG_COMPILER_APPICON_NAME = AppIcon;
				CODE_SIGN_STYLE = Automatic;
				DEVELOPMENT_ASSET_PATHS = "\"ChallengeFor35/Preview Content\"";
				DEVELOPMENT_TEAM = Q2R76XL3ZN;
				ENABLE_PREVIEWS = YES;
				INFOPLIST_FILE = ChallengeFor35/Info.plist;
				LD_RUNPATH_SEARCH_PATHS = (
					"$(inherited)",
					"@executable_path/Frameworks",
				);
				PRODUCT_BUNDLE_IDENTIFIER = com.zhhoo.ChallengeFor35;
				PRODUCT_NAME = "$(TARGET_NAME)";
				SWIFT_VERSION = 5.0;
				TARGETED_DEVICE_FAMILY = "1,2";
			};
			name = Release;
		};
/* End XCBuildConfiguration section */

/* Begin XCConfigurationList section */
		0295F42B243A37AF00F4CBBA /* Build configuration list for PBXProject "ChallengeFor35" */ = {
			isa = XCConfigurationList;
			buildConfigurations = (
				0295F442243A37B000F4CBBA /* Debug */,
				0295F443243A37B000F4CBBA /* Release */,
			);
			defaultConfigurationIsVisible = 0;
			defaultConfigurationName = Release;
		};
		0295F444243A37B000F4CBBA /* Build configuration list for PBXNativeTarget "ChallengeFor35" */ = {
			isa = XCConfigurationList;
			buildConfigurations = (
				0295F445243A37B000F4CBBA /* Debug */,
				0295F446243A37B000F4CBBA /* Release */,
			);
			defaultConfigurationIsVisible = 0;
			defaultConfigurationName = Release;
		};
/* End XCConfigurationList section */
	};
	rootObject = 0295F428243A37AF00F4CBBA /* Project object */;
}
